// !$*UTF8*$!
{
	archiveVersion = 1;
	classes = {
	};
	objectVersion = 55;
	objects = {

/* Begin PBXBuildFile section */
		AF70F1E328210D8B004513EF /* AppDelegate.swift in Sources */ = {isa = PBXBuildFile; fileRef = AF70F1E228210D8B004513EF /* AppDelegate.swift */; };
		AF70F1E528210D8B004513EF /* SceneDelegate.swift in Sources */ = {isa = PBXBuildFile; fileRef = AF70F1E428210D8B004513EF /* SceneDelegate.swift */; };
		AF70F1E728210D8B004513EF /* ViewController.swift in Sources */ = {isa = PBXBuildFile; fileRef = AF70F1E628210D8B004513EF /* ViewController.swift */; };
		AF70F1EA28210D8B004513EF /* Main.storyboard in Resources */ = {isa = PBXBuildFile; fileRef = AF70F1E828210D8B004513EF /* Main.storyboard */; };
		AF70F1EC28210D8C004513EF /* Assets.xcassets in Resources */ = {isa = PBXBuildFile; fileRef = AF70F1EB28210D8C004513EF /* Assets.xcassets */; };
		AF70F1EF28210D8C004513EF /* LaunchScreen.storyboard in Resources */ = {isa = PBXBuildFile; fileRef = AF70F1ED28210D8C004513EF /* LaunchScreen.storyboard */; };
		AF70F1F828210E06004513EF /* TableViewCellOne.swift in Sources */ = {isa = PBXBuildFile; fileRef = AF70F1F728210E06004513EF /* TableViewCellOne.swift */; };
		AF70F1FA28210E8D004513EF /* TableViewCellTwo.swift in Sources */ = {isa = PBXBuildFile; fileRef = AF70F1F928210E8D004513EF /* TableViewCellTwo.swift */; };
		AF70F1FC28210E98004513EF /* TableViewCellThree.swift in Sources */ = {isa = PBXBuildFile; fileRef = AF70F1FB28210E98004513EF /* TableViewCellThree.swift */; };
		AF70F1FE28210EA6004513EF /* TableViewCellFour.swift in Sources */ = {isa = PBXBuildFile; fileRef = AF70F1FD28210EA6004513EF /* TableViewCellFour.swift */; };
		AF70F20028210EAE004513EF /* TableViewCellFive.swift in Sources */ = {isa = PBXBuildFile; fileRef = AF70F1FF28210EAE004513EF /* TableViewCellFive.swift */; };
		AF70F20228210EB8004513EF /* TableViewCellSix.swift in Sources */ = {isa = PBXBuildFile; fileRef = AF70F20128210EB8004513EF /* TableViewCellSix.swift */; };
		AFD515C8282188E200144B93 /* overyell.com_logo.png in Resources */ = {isa = PBXBuildFile; fileRef = AFD515C7282188E200144B93 /* overyell.com_logo.png */; };
/* End PBXBuildFile section */

/* Begin PBXFileReference section */
		AF70F1DF28210D8B004513EF /* OVERYELL-StaticTableView.app */ = {isa = PBXFileReference; explicitFileType = wrapper.application; includeInIndex = 0; path = "OVERYELL-StaticTableView.app"; sourceTree = BUILT_PRODUCTS_DIR; };
		AF70F1E228210D8B004513EF /* AppDelegate.swift */ = {isa = PBXFileReference; lastKnownFileType = sourcecode.swift; path = AppDelegate.swift; sourceTree = "<group>"; };
		AF70F1E428210D8B004513EF /* SceneDelegate.swift */ = {isa = PBXFileReference; lastKnownFileType = sourcecode.swift; path = SceneDelegate.swift; sourceTree = "<group>"; };
		AF70F1E628210D8B004513EF /* ViewController.swift */ = {isa = PBXFileReference; lastKnownFileType = sourcecode.swift; path = ViewController.swift; sourceTree = "<group>"; };
		AF70F1E928210D8B004513EF /* Base */ = {isa = PBXFileReference; lastKnownFileType = file.storyboard; name = Base; path = Base.lproj/Main.storyboard; sourceTree = "<group>"; };
		AF70F1EB28210D8C004513EF /* Assets.xcassets */ = {isa = PBXFileReference; lastKnownFileType = folder.assetcatalog; path = Assets.xcassets; sourceTree = "<group>"; };
		AF70F1EE28210D8C004513EF /* Base */ = {isa = PBXFileReference; lastKnownFileType = file.storyboard; name = Base; path = Base.lproj/LaunchScreen.storyboard; sourceTree = "<group>"; };
		AF70F1F028210D8C004513EF /* Info.plist */ = {isa = PBXFileReference; lastKnownFileType = text.plist.xml; path = Info.plist; sourceTree = "<group>"; };
		AF70F1F728210E06004513EF /* TableViewCellOne.swift */ = {isa = PBXFileReference; lastKnownFileType = sourcecode.swift; path = TableViewCellOne.swift; sourceTree = "<group>"; };
		AF70F1F928210E8D004513EF /* TableViewCellTwo.swift */ = {isa = PBXFileReference; lastKnownFileType = sourcecode.swift; path = TableViewCellTwo.swift; sourceTree = "<group>"; };
		AF70F1FB28210E98004513EF /* TableViewCellThree.swift */ = {isa = PBXFileReference; lastKnownFileType = sourcecode.swift; path = TableViewCellThree.swift; sourceTree = "<group>"; };
		AF70F1FD28210EA6004513EF /* TableViewCellFour.swift */ = {isa = PBXFileReference; lastKnownFileType = sourcecode.swift; path = TableViewCellFour.swift; sourceTree = "<group>"; };
		AF70F1FF28210EAE004513EF /* TableViewCellFive.swift */ = {isa = PBXFileReference; lastKnownFileType = sourcecode.swift; path = TableViewCellFive.swift; sourceTree = "<group>"; };
		AF70F20128210EB8004513EF /* TableViewCellSix.swift */ = {isa = PBXFileReference; lastKnownFileType = sourcecode.swift; path = TableViewCellSix.swift; sourceTree = "<group>"; };
		AF70F20328213B36004513EF /* OVERYELL-StaticTableView.entitlements */ = {isa = PBXFileReference; lastKnownFileType = text.plist.entitlements; path = "OVERYELL-StaticTableView.entitlements"; sourceTree = "<group>"; };
		AFD515C7282188E200144B93 /* overyell.com_logo.png */ = {isa = PBXFileReference; lastKnownFileType = image.png; path = overyell.com_logo.png; sourceTree = "<group>"; };
/* End PBXFileReference section */

/* Begin PBXFrameworksBuildPhase section */
		AF70F1DC28210D8B004513EF /* Frameworks */ = {
			isa = PBXFrameworksBuildPhase;
			buildActionMask = 2147483647;
			files = (
			);
			runOnlyForDeploymentPostprocessing = 0;
		};
/* End PBXFrameworksBuildPhase section */

/* Begin PBXGroup section */
		AF70F1D628210D8B004513EF = {
			isa = PBXGroup;
			children = (
				AF70F1E128210D8B004513EF /* OVERYELL-StaticTableView */,
				AF70F1E028210D8B004513EF /* Products */,
			);
			sourceTree = "<group>";
		};
		AF70F1E028210D8B004513EF /* Products */ = {
			isa = PBXGroup;
			children = (
				AF70F1DF28210D8B004513EF /* OVERYELL-StaticTableView.app */,
			);
			name = Products;
			sourceTree = "<group>";
		};
		AF70F1E128210D8B004513EF /* OVERYELL-StaticTableView */ = {
			isa = PBXGroup;
			children = (
				AF70F20328213B36004513EF /* OVERYELL-StaticTableView.entitlements */,
				AF70F1E228210D8B004513EF /* AppDelegate.swift */,
				AF70F1E428210D8B004513EF /* SceneDelegate.swift */,
				AF70F1E628210D8B004513EF /* ViewController.swift */,
				AF70F1F628210DBC004513EF /* Setup */,
				AF70F1E828210D8B004513EF /* Main.storyboard */,
				AF70F1EB28210D8C004513EF /* Assets.xcassets */,
				AF70F1ED28210D8C004513EF /* LaunchScreen.storyboard */,
				AF70F1F028210D8C004513EF /* Info.plist */,
			);
			path = "OVERYELL-StaticTableView";
			sourceTree = "<group>";
		};
		AF70F1F628210DBC004513EF /* Setup */ = {
			isa = PBXGroup;
			children = (
				AFD515C62821885200144B93 /* Overyell.com */,
				AF70F1F728210E06004513EF /* TableViewCellOne.swift */,
				AF70F1F928210E8D004513EF /* TableViewCellTwo.swift */,
				AF70F1FB28210E98004513EF /* TableViewCellThree.swift */,
				AF70F1FD28210EA6004513EF /* TableViewCellFour.swift */,
				AF70F1FF28210EAE004513EF /* TableViewCellFive.swift */,
				AF70F20128210EB8004513EF /* TableViewCellSix.swift */,
			);
			path = Setup;
			sourceTree = "<group>";
		};
		AFD515C62821885200144B93 /* Overyell.com */ = {
			isa = PBXGroup;
			children = (
				AFD515C7282188E200144B93 /* overyell.com_logo.png */,
			);
			path = Overyell.com;
			sourceTree = "<group>";
		};
/* End PBXGroup section */

/* Begin PBXNativeTarget section */
		AF70F1DE28210D8B004513EF /* OVERYELL-StaticTableView */ = {
			isa = PBXNativeTarget;
			buildConfigurationList = AF70F1F328210D8C004513EF /* Build configuration list for PBXNativeTarget "OVERYELL-StaticTableView" */;
			buildPhases = (
				AF70F1DB28210D8B004513EF /* Sources */,
				AF70F1DC28210D8B004513EF /* Frameworks */,
				AF70F1DD28210D8B004513EF /* Resources */,
			);
			buildRules = (
			);
			dependencies = (
			);
			name = "OVERYELL-StaticTableView";
			productName = "OVERYELL-StaticTableView";
			productReference = AF70F1DF28210D8B004513EF /* OVERYELL-StaticTableView.app */;
			productType = "com.apple.product-type.application";
		};
/* End PBXNativeTarget section */

/* Begin PBXProject section */
		AF70F1D728210D8B004513EF /* Project object */ = {
			isa = PBXProject;
			attributes = {
				BuildIndependentTargetsInParallel = 1;
				LastSwiftUpdateCheck = 1330;
				LastUpgradeCheck = 1330;
				TargetAttributes = {
					AF70F1DE28210D8B004513EF = {
						CreatedOnToolsVersion = 13.3.1;
					};
				};
			};
			buildConfigurationList = AF70F1DA28210D8B004513EF /* Build configuration list for PBXProject "OVERYELL-StaticTableView" */;
			compatibilityVersion = "Xcode 13.0";
			developmentRegion = en;
			hasScannedForEncodings = 0;
			knownRegions = (
				en,
				Base,
			);
			mainGroup = AF70F1D628210D8B004513EF;
			productRefGroup = AF70F1E028210D8B004513EF /* Products */;
			projectDirPath = "";
			projectRoot = "";
			targets = (
				AF70F1DE28210D8B004513EF /* OVERYELL-StaticTableView */,
			);
		};
/* End PBXProject section */

/* Begin PBXResourcesBuildPhase section */
		AF70F1DD28210D8B004513EF /* Resources */ = {
			isa = PBXResourcesBuildPhase;
			buildActionMask = 2147483647;
			files = (
				AF70F1EF28210D8C004513EF /* LaunchScreen.storyboard in Resources */,
				AF70F1EC28210D8C004513EF /* Assets.xcassets in Resources */,
				AF70F1EA28210D8B004513EF /* Main.storyboard in Resources */,
				AFD515C8282188E200144B93 /* overyell.com_logo.png in Resources */,
			);
			runOnlyForDeploymentPostprocessing = 0;
		};
/* End PBXResourcesBuildPhase section */

/* Begin PBXSourcesBuildPhase section */
		AF70F1DB28210D8B004513EF /* Sources */ = {
			isa = PBXSourcesBuildPhase;
			buildActionMask = 2147483647;
			files = (
				AF70F1E728210D8B004513EF /* ViewController.swift in Sources */,
				AF70F1E328210D8B004513EF /* AppDelegate.swift in Sources */,
				AF70F1FA28210E8D004513EF /* TableViewCellTwo.swift in Sources */,
				AF70F1FE28210EA6004513EF /* TableViewCellFour.swift in Sources */,
				AF70F20228210EB8004513EF /* TableViewCellSix.swift in Sources */,
				AF70F1F828210E06004513EF /* TableViewCellOne.swift in Sources */,
				AF70F1FC28210E98004513EF /* TableViewCellThree.swift in Sources */,
				AF70F1E528210D8B004513EF /* SceneDelegate.swift in Sources */,
				AF70F20028210EAE004513EF /* TableViewCellFive.swift in Sources */,
			);
			runOnlyForDeploymentPostprocessing = 0;
		};
/* End PBXSourcesBuildPhase section */

/* Begin PBXVariantGroup section */
		AF70F1E828210D8B004513EF /* Main.storyboard */ = {
			isa = PBXVariantGroup;
			children = (
				AF70F1E928210D8B004513EF /* Base */,
			);
			name = Main.storyboard;
			sourceTree = "<group>";
		};
		AF70F1ED28210D8C004513EF /* LaunchScreen.storyboard */ = {
			isa = PBXVariantGroup;
			children = (
				AF70F1EE28210D8C004513EF /* Base */,
			);
			name = LaunchScreen.storyboard;
			sourceTree = "<group>";
		};
/* End PBXVariantGroup section */

/* Begin XCBuildConfiguration section */
		AF70F1F128210D8C004513EF /* Debug */ = {
			isa = XCBuildConfiguration;
			buildSettings = {
				ALWAYS_SEARCH_USER_PATHS = NO;
				CLANG_ANALYZER_NONNULL = YES;
				CLANG_ANALYZER_NUMBER_OBJECT_CONVERSION = YES_AGGRESSIVE;
				CLANG_CXX_LANGUAGE_STANDARD = "gnu++17";
				CLANG_ENABLE_MODULES = YES;
				CLANG_ENABLE_OBJC_ARC = YES;
				CLANG_ENABLE_OBJC_WEAK = YES;
				CLANG_WARN_BLOCK_CAPTURE_AUTORELEASING = YES;
				CLANG_WARN_BOOL_CONVERSION = YES;
				CLANG_WARN_COMMA = YES;
				CLANG_WARN_CONSTANT_CONVERSION = YES;
				CLANG_WARN_DEPRECATED_OBJC_IMPLEMENTATIONS = YES;
				CLANG_WARN_DIRECT_OBJC_ISA_USAGE = YES_ERROR;
				CLANG_WARN_DOCUMENTATION_COMMENTS = YES;
				CLANG_WARN_EMPTY_BODY = YES;
				CLANG_WARN_ENUM_CONVERSION = YES;
				CLANG_WARN_INFINITE_RECURSION = YES;
				CLANG_WARN_INT_CONVERSION = YES;
				CLANG_WARN_NON_LITERAL_NULL_CONVERSION = YES;
				CLANG_WARN_OBJC_IMPLICIT_RETAIN_SELF = YES;
				CLANG_WARN_OBJC_LITERAL_CONVERSION = YES;
				CLANG_WARN_OBJC_ROOT_CLASS = YES_ERROR;
				CLANG_WARN_QUOTED_INCLUDE_IN_FRAMEWORK_HEADER = YES;
				CLANG_WARN_RANGE_LOOP_ANALYSIS = YES;
				CLANG_WARN_STRICT_PROTOTYPES = YES;
				CLANG_WARN_SUSPICIOUS_MOVE = YES;
				CLANG_WARN_UNGUARDED_AVAILABILITY = YES_AGGRESSIVE;
				CLANG_WARN_UNREACHABLE_CODE = YES;
				CLANG_WARN__DUPLICATE_METHOD_MATCH = YES;
				COPY_PHASE_STRIP = NO;
				DEBUG_INFORMATION_FORMAT = dwarf;
				ENABLE_STRICT_OBJC_MSGSEND = YES;
				ENABLE_TESTABILITY = YES;
				GCC_C_LANGUAGE_STANDARD = gnu11;
				GCC_DYNAMIC_NO_PIC = NO;
				GCC_NO_COMMON_BLOCKS = YES;
				GCC_OPTIMIZATION_LEVEL = 0;
				GCC_PREPROCESSOR_DEFINITIONS = (
					"DEBUG=1",
					"$(inherited)",
				);
				GCC_WARN_64_TO_32_BIT_CONVERSION = YES;
				GCC_WARN_ABOUT_RETURN_TYPE = YES_ERROR;
				GCC_WARN_UNDECLARED_SELECTOR = YES;
				GCC_WARN_UNINITIALIZED_AUTOS = YES_AGGRESSIVE;
				GCC_WARN_UNUSED_FUNCTION = YES;
				GCC_WARN_UNUSED_VARIABLE = YES;
				IPHONEOS_DEPLOYMENT_TARGET = 15.4;
				MTL_ENABLE_DEBUG_INFO = INCLUDE_SOURCE;
				MTL_FAST_MATH = YES;
				ONLY_ACTIVE_ARCH = YES;
				SDKROOT = iphoneos;
				SWIFT_ACTIVE_COMPILATION_CONDITIONS = DEBUG;
				SWIFT_OPTIMIZATION_LEVEL = "-Onone";
			};
			name = Debug;
		};
		AF70F1F228210D8C004513EF /* Release */ = {
			isa = XCBuildConfiguration;
			buildSettings = {
				ALWAYS_SEARCH_USER_PATHS = NO;
				CLANG_ANALYZER_NONNULL = YES;
				CLANG_ANALYZER_NUMBER_OBJECT_CONVERSION = YES_AGGRESSIVE;
				CLANG_CXX_LANGUAGE_STANDARD = "gnu++17";
				CLANG_ENABLE_MODULES = YES;
				CLANG_ENABLE_OBJC_ARC = YES;
				CLANG_ENABLE_OBJC_WEAK = YES;
				CLANG_WARN_BLOCK_CAPTURE_AUTORELEASING = YES;
				CLANG_WARN_BOOL_CONVERSION = YES;
				CLANG_WARN_COMMA = YES;
				CLANG_WARN_CONSTANT_CONVERSION = YES;
				CLANG_WARN_DEPRECATED_OBJC_IMPLEMENTATIONS = YES;
				CLANG_WARN_DIRECT_OBJC_ISA_USAGE = YES_ERROR;
				CLANG_WARN_DOCUMENTATION_COMMENTS = YES;
				CLANG_WARN_EMPTY_BODY = YES;
				CLANG_WARN_ENUM_CONVERSION = YES;
				CLANG_WARN_INFINITE_RECURSION = YES;
				CLANG_WARN_INT_CONVERSION = YES;
				CLANG_WARN_NON_LITERAL_NULL_CONVERSION = YES;
				CLANG_WARN_OBJC_IMPLICIT_RETAIN_SELF = YES;
				CLANG_WARN_OBJC_LITERAL_CONVERSION = YES;
				CLANG_WARN_OBJC_ROOT_CLASS = YES_ERROR;
				CLANG_WARN_QUOTED_INCLUDE_IN_FRAMEWORK_HEADER = YES;
				CLANG_WARN_RANGE_LOOP_ANALYSIS = YES;
				CLANG_WARN_STRICT_PROTOTYPES = YES;
				CLANG_WARN_SUSPICIOUS_MOVE = YES;
				CLANG_WARN_UNGUARDED_AVAILABILITY = YES_AGGRESSIVE;
				CLANG_WARN_UNREACHABLE_CODE = YES;
				CLANG_WARN__DUPLICATE_METHOD_MATCH = YES;
				COPY_PHASE_STRIP = NO;
				DEBUG_INFORMATION_FORMAT = "dwarf-with-dsym";
				ENABLE_NS_ASSERTIONS = NO;
				ENABLE_STRICT_OBJC_MSGSEND = YES;
				GCC_C_LANGUAGE_STANDARD = gnu11;
				GCC_NO_COMMON_BLOCKS = YES;
				GCC_WARN_64_TO_32_BIT_CONVERSION = YES;
				GCC_WARN_ABOUT_RETURN_TYPE = YES_ERROR;
				GCC_WARN_UNDECLARED_SELECTOR = YES;
				GCC_WARN_UNINITIALIZED_AUTOS = YES_AGGRESSIVE;
				GCC_WARN_UNUSED_FUNCTION = YES;
				GCC_WARN_UNUSED_VARIABLE = YES;
				IPHONEOS_DEPLOYMENT_TARGET = 15.4;
				MTL_ENABLE_DEBUG_INFO = NO;
				MTL_FAST_MATH = YES;
				SDKROOT = iphoneos;
				SWIFT_COMPILATION_MODE = wholemodule;
				SWIFT_OPTIMIZATION_LEVEL = "-O";
				VALIDATE_PRODUCT = YES;
			};
			name = Release;
		};
		AF70F1F428210D8C004513EF /* Debug */ = {
			isa = XCBuildConfiguration;
			buildSettings = {
				ASSETCATALOG_COMPILER_APPICON_NAME = AppIcon;
				ASSETCATALOG_COMPILER_GLOBAL_ACCENT_COLOR_NAME = AccentColor;
				CODE_SIGN_ENTITLEMENTS = "OVERYELL-StaticTableView/OVERYELL-StaticTableView.entitlements";
				CODE_SIGN_STYLE = Automatic;
				CURRENT_PROJECT_VERSION = 031753;
				DEVELOPMENT_TEAM = 269NTZ4862;
				GENERATE_INFOPLIST_FILE = YES;
				INFOPLIST_FILE = "OVERYELL-StaticTableView/Info.plist";
				INFOPLIST_KEY_CFBundleDisplayName = StaticTableView;
				INFOPLIST_KEY_UIApplicationSupportsIndirectInputEvents = YES;
				INFOPLIST_KEY_UILaunchStoryboardName = LaunchScreen;
				INFOPLIST_KEY_UIMainStoryboardFile = Main;
				INFOPLIST_KEY_UISupportedInterfaceOrientations = "UIInterfaceOrientationPortrait UIInterfaceOrientationLandscapeLeft UIInterfaceOrientationLandscapeRight";
				INFOPLIST_KEY_UISupportedInterfaceOrientations_iPad = "UIInterfaceOrientationPortrait UIInterfaceOrientationPortraitUpsideDown UIInterfaceOrientationLandscapeLeft UIInterfaceOrientationLandscapeRight";
				INFOPLIST_KEY_UISupportedInterfaceOrientations_iPhone = "UIInterfaceOrientationPortrait UIInterfaceOrientationLandscapeLeft UIInterfaceOrientationLandscapeRight";
				LD_RUNPATH_SEARCH_PATHS = (
					"$(inherited)",
					"@executable_path/Frameworks",
				);
				MARKETING_VERSION = 1.22.05;
				PRODUCT_BUNDLE_IDENTIFIER = "com.overyell.OVERYELL-StaticTableView";
				PRODUCT_NAME = "$(TARGET_NAME)";
				SUPPORTS_MACCATALYST = NO;
				SUPPORTS_MAC_DESIGNED_FOR_IPHONE_IPAD = NO;
				SWIFT_EMIT_LOC_STRINGS = YES;
				SWIFT_VERSION = 5.0;
				TARGETED_DEVICE_FAMILY = "1,2";
			};
			name = Debug;
		};
		AF70F1F528210D8C004513EF /* Release */ = {
			isa = XCBuildConfiguration;
			buildSettings = {
				ASSETCATALOG_COMPILER_APPICON_NAME = AppIcon;
				ASSETCATALOG_COMPILER_GLOBAL_ACCENT_COLOR_NAME = AccentColor;
				CODE_SIGN_ENTITLEMENTS = "OVERYELL-StaticTableView/OVERYELL-StaticTableView.entitlements";
				CODE_SIGN_STYLE = Automatic;
				CURRENT_PROJECT_VERSION = 031753;
				DEVELOPMENT_TEAM = 269NTZ4862;
				GENERATE_INFOPLIST_FILE = YES;
				INFOPLIST_FILE = "OVERYELL-StaticTableView/Info.plist";
				INFOPLIST_KEY_CFBundleDisplayName = StaticTableView;
				INFOPLIST_KEY_UIApplicationSupportsIndirectInputEvents = YES;
				INFOPLIST_KEY_UILaunchStoryboardName = LaunchScreen;
				INFOPLIST_KEY_UIMainStoryboardFile = Main;
				INFOPLIST_KEY_UISupportedInterfaceOrientations = "UIInterfaceOrientationPortrait UIInterfaceOrientationLandscapeLeft UIInterfaceOrientationLandscapeRight";
				INFOPLIST_KEY_UISupportedInterfaceOrientations_iPad = "UIInterfaceOrientationPortrait UIInterfaceOrientationPortraitUpsideDown UIInterfaceOrientationLandscapeLeft UIInterfaceOrientationLandscapeRight";
				INFOPLIST_KEY_UISupportedInterfaceOrientations_iPhone = "UIInterfaceOrientationPortrait UIInterfaceOrientationLandscapeLeft UIInterfaceOrientationLandscapeRight";
				LD_RUNPATH_SEARCH_PATHS = (
					"$(inherited)",
					"@executable_path/Frameworks",
				);
				MARKETING_VERSION = 1.22.05;
				PRODUCT_BUNDLE_IDENTIFIER = "com.overyell.OVERYELL-StaticTableView";
				PRODUCT_NAME = "$(TARGET_NAME)";
				SUPPORTS_MACCATALYST = NO;
				SUPPORTS_MAC_DESIGNED_FOR_IPHONE_IPAD = NO;
				SWIFT_EMIT_LOC_STRINGS = YES;
				SWIFT_VERSION = 5.0;
				TARGETED_DEVICE_FAMILY = "1,2";
			};
			name = Release;
		};
/* End XCBuildConfiguration section */

/* Begin XCConfigurationList section */
		AF70F1DA28210D8B004513EF /* Build configuration list for PBXProject "OVERYELL-StaticTableView" */ = {
			isa = XCConfigurationList;
			buildConfigurations = (
				AF70F1F128210D8C004513EF /* Debug */,
				AF70F1F228210D8C004513EF /* Release */,
			);
			defaultConfigurationIsVisible = 0;
			defaultConfigurationName = Release;
		};
		AF70F1F328210D8C004513EF /* Build configuration list for PBXNativeTarget "OVERYELL-StaticTableView" */ = {
			isa = XCConfigurationList;
			buildConfigurations = (
				AF70F1F428210D8C004513EF /* Debug */,
				AF70F1F528210D8C004513EF /* Release */,
			);
			defaultConfigurationIsVisible = 0;
			defaultConfigurationName = Release;
		};
/* End XCConfigurationList section */
	};
	rootObject = AF70F1D728210D8B004513EF /* Project object */;
}
